{
  "name": "react-cli-spinners-examples",
  "version": "0.1.0",
  "lockfileVersion": 1,
  "requires": true,
  "dependencies": {
    "react-cli-spinners": {
      "version": "2.0.0",
      "resolved": "https://registry.npmjs.org/react-cli-spinners/-/react-cli-spinners-2.0.0.tgz",
      "integrity": "sha512-UyD03ZD84HWBJot9mJoR2+3AHK6Wuyim2otX3iWmPoojzOdtleCjPilTHFF9Zx8hfvkqmHMgAr+DVDoTjPqtCw=="
    }
  }
}
